{
  "lockfile_version": "1",
  "packages": {
    "bun@1.1.31": {
      "last_modified": "2024-11-03T14:18:04Z",
      "resolved": "github:NixOS/nixpkgs/4ae2e647537bcdbb82265469442713d066675275#bun",
      "source": "devbox-search",
      "version": "1.1.31",
      "systems": {
        "aarch64-darwin": {
          "outputs": [
            {
              "name": "out",
              "path": "/nix/store/gmvlpnhc673pjwai7q0ydvikif8r1gg5-bun-1.1.31",
              "default": true
            }
          ],
          "store_path": "/nix/store/gmvlpnhc673pjwai7q0ydvikif8r1gg5-bun-1.1.31"
        },
        "aarch64-linux": {
          "outputs": [
            {
              "name": "out",
              "path": "/nix/store/4xbdp3yb549g0c50qjb2majdg3b484i1-bun-1.1.31",
              "default": true
            }
          ],
          "store_path": "/nix/store/4xbdp3yb549g0c50qjb2majdg3b484i1-bun-1.1.31"
        },
        "x86_64-darwin": {
          "outputs": [
            {
              "name": "out",
              "path": "/nix/store/rvf4znnp3zy53f6wc8wkccrz3n59l552-bun-1.1.31",
              "default": true
            }
          ],
          "store_path": "/nix/store/rvf4znnp3zy53f6wc8wkccrz3n59l552-bun-1.1.31"
        },
        "x86_64-linux": {
          "outputs": [
            {
              "name": "out",
              "path": "/nix/store/gimbmhysr6l7fbzk25alznv0mphiy97a-bun-1.1.31",
              "default": true
            }
          ],
          "store_path": "/nix/store/gimbmhysr6l7fbzk25alznv0mphiy97a-bun-1.1.31"
        }
      }
    },
    "gcc13Stdenv.cc.cc.lib": {
      "resolved": "github:NixOS/nixpkgs/75a52265bda7fd25e06e3a67dee3f0354e73243c#gcc13Stdenv.cc.cc.lib",
      "source": "nixpkg",
      "systems": {
        "x86_64-linux": {
          "outputs": [
            {
              "name": "lib",
              "path": "/nix/store/a2wqdxzjd68qaki5gx2a28f9p8pny6fh-gcc-13.2.0-lib",
              "default": true
            }
          ]
        }
      }
    },
    "nodejs@22.10.0": {
      "last_modified": "2024-11-03T14:18:04Z",
      "plugin_version": "0.0.2",
      "resolved": "github:NixOS/nixpkgs/4ae2e647537bcdbb82265469442713d066675275#nodejs_22",
      "source": "devbox-search",
      "version": "22.10.0",
      "systems": {
        "aarch64-darwin": {
          "outputs": [
            {
              "name": "out",
              "path": "/nix/store/m1dlz5sk0l77a2c4mwcppldxxmsmifs2-nodejs-22.10.0",
              "default": true
            },
            {
              "name": "libv8",
              "path": "/nix/store/9zyi8gcg1flm378pxpfi9d7wdvhnckrh-nodejs-22.10.0-libv8"
            }
          ],
          "store_path": "/nix/store/m1dlz5sk0l77a2c4mwcppldxxmsmifs2-nodejs-22.10.0"
        },
        "aarch64-linux": {
          "outputs": [
            {
              "name": "out",
              "path": "/nix/store/xpj9k6pk9bgmmc3zkfkq1f7938sczpgd-nodejs-22.10.0",
              "default": true
            },
            {
              "name": "libv8",
              "path": "/nix/store/grqr5f4cg0d86rqh9g08pp216937f6vy-nodejs-22.10.0-libv8"
            }
          ],
          "store_path": "/nix/store/xpj9k6pk9bgmmc3zkfkq1f7938sczpgd-nodejs-22.10.0"
        },
        "x86_64-darwin": {
          "outputs": [
            {
              "name": "out",
              "path": "/nix/store/3c9ggwrv1ssbrpki607908mvlvarhrbq-nodejs-22.10.0",
              "default": true
            },
            {
              "name": "libv8",
              "path": "/nix/store/gfr37bc0y98sl5q4lxclsv83gpr8i6va-nodejs-22.10.0-libv8"
            }
          ],
          "store_path": "/nix/store/3c9ggwrv1ssbrpki607908mvlvarhrbq-nodejs-22.10.0"
        },
        "x86_64-linux": {
          "outputs": [
            {
              "name": "out",
              "path": "/nix/store/2p8ilfl32xmhz49qghsayprxc001n2yv-nodejs-22.10.0",
              "default": true
            },
            {
              "name": "libv8",
              "path": "/nix/store/agfb25wm92v5hpw831fy1w7z7q870sfp-nodejs-22.10.0-libv8"
            }
          ],
          "store_path": "/nix/store/2p8ilfl32xmhz49qghsayprxc001n2yv-nodejs-22.10.0"
        }
      }
    },
    "pm2@5.4.2": {
      "last_modified": "2024-11-03T14:18:04Z",
      "resolved": "github:NixOS/nixpkgs/4ae2e647537bcdbb82265469442713d066675275#pm2",
      "source": "devbox-search",
      "version": "5.4.2",
      "systems": {
        "aarch64-darwin": {
          "outputs": [
            {
              "name": "out",
              "path": "/nix/store/d75542ilqrrqpvx7l982192kyazjfbm3-pm2-5.4.2",
              "default": true
            }
          ],
          "store_path": "/nix/store/d75542ilqrrqpvx7l982192kyazjfbm3-pm2-5.4.2"
        },
        "aarch64-linux": {
          "outputs": [
            {
              "name": "out",
              "path": "/nix/store/4sl9vb9nc42g0825a94dpr7qf5yigcnf-pm2-5.4.2",
              "default": true
            }
          ],
          "store_path": "/nix/store/4sl9vb9nc42g0825a94dpr7qf5yigcnf-pm2-5.4.2"
        },
        "x86_64-darwin": {
          "outputs": [
            {
              "name": "out",
              "path": "/nix/store/llw5lxafpkz9miqpnz4fqfhs93c9c8xl-pm2-5.4.2",
              "default": true
            }
          ],
          "store_path": "/nix/store/llw5lxafpkz9miqpnz4fqfhs93c9c8xl-pm2-5.4.2"
        },
        "x86_64-linux": {
          "outputs": [
            {
              "name": "out",
              "path": "/nix/store/c27cdxvk4zmyj246xjyjg3dqgy3il3y7-pm2-5.4.2",
              "default": true
            }
          ],
          "store_path": "/nix/store/c27cdxvk4zmyj246xjyjg3dqgy3il3y7-pm2-5.4.2"
        }
      }
    },
    "python-full@3.12.6": {
      "last_modified": "2024-10-13T23:44:06Z",
      "plugin_version": "0.0.4",
      "resolved": "github:NixOS/nixpkgs/d4f247e89f6e10120f911e2e2d2254a050d0f732#python312Full",
      "source": "devbox-search",
      "version": "3.12.6",
      "systems": {
        "aarch64-darwin": {
          "outputs": [
            {
              "name": "out",
              "path": "/nix/store/rncwh0fv7ysn7mpahsr4w98zy10dhzwp-python3-3.12.6",
              "default": true
            }
          ],
          "store_path": "/nix/store/rncwh0fv7ysn7mpahsr4w98zy10dhzwp-python3-3.12.6"
        },
        "aarch64-linux": {
          "outputs": [
            {
              "name": "out",
              "path": "/nix/store/sq20341kg2yz6rjr4lnq1p5v2x9ry1lm-python3-3.12.6",
              "default": true
            },
            {
              "name": "debug",
              "path": "/nix/store/ly98bkiksw80d9mn0mgv458mbwxz62zx-python3-3.12.6-debug"
            }
          ],
          "store_path": "/nix/store/sq20341kg2yz6rjr4lnq1p5v2x9ry1lm-python3-3.12.6"
        },
        "x86_64-darwin": {
          "outputs": [
            {
              "name": "out",
              "path": "/nix/store/ibgkv0sx9b09j0p1wlv26hb5wspcyvn8-python3-3.12.6",
              "default": true
            }
          ],
          "store_path": "/nix/store/ibgkv0sx9b09j0p1wlv26hb5wspcyvn8-python3-3.12.6"
        },
        "x86_64-linux": {
          "outputs": [
            {
              "name": "out",
              "path": "/nix/store/bsnx84gmxkvvbsabki10bm9fc8gkwixw-python3-3.12.6",
              "default": true
            },
            {
              "name": "debug",
              "path": "/nix/store/qs3l0fdf8kisxn46valnndw8g69s7cji-python3-3.12.6-debug"
            }
          ],
          "store_path": "/nix/store/bsnx84gmxkvvbsabki10bm9fc8gkwixw-python3-3.12.6"
        }
      }
    }
  }
}
